
Microsoft Visual Studio Solution File, Format Version 12.00
# Visual Studio 15
VisualStudioVersion = 15.0.28010.2048
MinimumVisualStudioVersion = 10.0.40219.1
Project("{2150E333-8FDC-42A3-9474-1A3956D46DE8}") = "Solution Items", "Solution Items", "{1F69DEDB-1631-44EB-9B6A-583C1CEFA31C}"
	ProjectSection(SolutionItems) = preProject
		Local.testsettings = Local.testsettings
		README.md = README.md
		TraceAndTestImpact.testsettings = TraceAndTestImpact.testsettings
		TricorderSolution.vsmdi = TricorderSolution.vsmdi
	EndProjectSection
EndProject
Project("{FAE04EC0-301F-11D3-BF4B-00C04F79EFBC}") = "Framework", "Framework\Framework.csproj", "{BCAB24BD-B4E9-40D7-9B77-BA15A3C07C90}"
EndProject
Project("{FAE04EC0-301F-11D3-BF4B-00C04F79EFBC}") = "Library", "Library\Library.csproj", "{3DA2C14B-545B-4AE1-94BF-CB2B9A3F3700}"
EndProject
Project("{FAE04EC0-301F-11D3-BF4B-00C04F79EFBC}") = "UTD.Tricorder.BusinessRule", "UTD.Tricorder.BusinessRule\UTD.Tricorder.BusinessRule.csproj", "{357F0C3B-E8DF-4A0D-A454-EAEB17078CF3}"
EndProject
Project("{FAE04EC0-301F-11D3-BF4B-00C04F79EFBC}") = "UTD.Tricorder.DataAccess", "UTD.Tricorder.DataAccess\UTD.Tricorder.DataAccess.csproj", "{A05ECE98-B2E7-498D-9161-0FE52322F664}"
EndProject
Project("{FAE04EC0-301F-11D3-BF4B-00C04F79EFBC}") = "UTD.Tricorder.Common", "UTD.Tricorder.Common\UTD.Tricorder.Common.csproj", "{DA99F770-52F5-4320-BE54-FBE8B670B888}"
EndProject
Project("{FAE04EC0-301F-11D3-BF4B-00C04F79EFBC}") = "UTD.Tricorder.Service", "UTD.Tricorder.Service\UTD.Tricorder.Service.csproj", "{A4D35FD5-82F3-403A-9518-4D735B4BF531}"
EndProject
Project("{FAE04EC0-301F-11D3-BF4B-00C04F79EFBC}") = "UTD.Tricorder.TestCase", "UTD.Tricorder.TestCase\UTD.Tricorder.TestCase.csproj", "{B2F611DC-3F7B-4DC5-BF31-FC9349D80723}"
EndProject
Project("{FAE04EC0-301F-11D3-BF4B-00C04F79EFBC}") = "UTD.Tricorder.WebUITest", "UTD.Tricorder.WebUITest\UTD.Tricorder.WebUITest.csproj", "{48746A66-A972-4B17-AD24-09F85C1987D0}"
EndProject
Project("{FAE04EC0-301F-11D3-BF4B-00C04F79EFBC}") = "PaypalApi", "PaypalApi\PaypalApi.csproj", "{371CC6C4-08CF-4FBA-A877-1BBC8855F6B7}"
EndProject
Project("{FAE04EC0-301F-11D3-BF4B-00C04F79EFBC}") = "UTD.Tricorder.Website", "UTD.Tricorder.Website\UTD.Tricorder.Website.csproj", "{B2A5CADB-D992-4D44-AC03-1B76BE1F68F6}"
EndProject
Project("{FAE04EC0-301F-11D3-BF4B-00C04F79EFBC}") = "UTD.Tricorder.Website.Tests", "UTD.Tricorder.Website.Tests\UTD.Tricorder.Website.Tests.csproj", "{ECD3D5AB-2779-46ED-8137-12DB5903A54B}"
EndProject
Project("{FAE04EC0-301F-11D3-BF4B-00C04F79EFBC}") = "Framework.TestCase", "Framework.TestCase\Framework.TestCase.csproj", "{40879265-5B9D-4D19-8B4B-69F9921E837B}"
EndProject
Project("{FAE04EC0-301F-11D3-BF4B-00C04F79EFBC}") = "Framework.TestCase.CommonClasses", "Framework.TestCase.Common\Framework.TestCase.CommonClasses.csproj", "{32FC50C0-991D-4009-AA87-1DD9FEB4F38E}"
EndProject
Project("{FAE04EC0-301F-11D3-BF4B-00C04F79EFBC}") = "FixLocaleForFilesInAFolder", "FixLocaleForFilesInAFolder\FixLocaleForFilesInAFolder.csproj", "{65BD4986-7F80-4291-A111-8C4322FF8AC5}"
EndProject
Project("{2150E333-8FDC-42A3-9474-1A3956D46DE8}") = "Utils", "Utils", "{50A5EF4A-8AFE-4E66-9E47-B6613EAE67ED}"
EndProject
Project("{FAE04EC0-301F-11D3-BF4B-00C04F79EFBC}") = "FWCodeGenerator", "FWCodeGenerator\FWCodeGenerator.csproj", "{CE1FBDEC-5733-4572-8E57-9F2494A72DC6}"
EndProject
Project("{2150E333-8FDC-42A3-9474-1A3956D46DE8}") = "Fw", "Fw", "{568C1152-28DF-43D6-8E60-BD31045F1720}"
EndProject
Project("{2150E333-8FDC-42A3-9474-1A3956D46DE8}") = "App", "App", "{F795268E-D6E1-44EF-B842-F306E717296E}"
EndProject
Project("{2150E333-8FDC-42A3-9474-1A3956D46DE8}") = "AppTest", "AppTest", "{EF9D6FA6-DDB7-4767-BD3A-33E7C07D0DB2}"
EndProject
Project("{2150E333-8FDC-42A3-9474-1A3956D46DE8}") = "Lib", "Lib", "{6766932B-63B2-4580-8C68-1DF600C0B256}"
EndProject
Project("{2150E333-8FDC-42A3-9474-1A3956D46DE8}") = "Db", "Db", "{7A0C549B-20E8-4F6A-A555-AEA973176178}"
	ProjectSection(SolutionItems) = preProject
		Db\tricorder_clean_with_data.zip = Db\tricorder_clean_with_data.zip
	EndProjectSection
EndProject
Global
	GlobalSection(SolutionConfigurationPlatforms) = preSolution
		Debug|Android = Debug|Android
		Debug|Any CPU = Debug|Any CPU
		Debug|iOS = Debug|iOS
		Debug|Mixed Platforms = Debug|Mixed Platforms
		Debug|Windows Phone (Universal) = Debug|Windows Phone (Universal)
		Debug|Windows Phone 8 = Debug|Windows Phone 8
		Debug|Windows-AnyCPU = Debug|Windows-AnyCPU
		Debug|Windows-ARM = Debug|Windows-ARM
		Debug|Windows-x64 = Debug|Windows-x64
		Debug|Windows-x86 = Debug|Windows-x86
		Debug|x86 = Debug|x86
		Distribution|Android = Distribution|Android
		Distribution|Any CPU = Distribution|Any CPU
		Distribution|iOS = Distribution|iOS
		Distribution|Mixed Platforms = Distribution|Mixed Platforms
		Distribution|Windows Phone (Universal) = Distribution|Windows Phone (Universal)
		Distribution|Windows Phone 8 = Distribution|Windows Phone 8
		Distribution|Windows-AnyCPU = Distribution|Windows-AnyCPU
		Distribution|Windows-ARM = Distribution|Windows-ARM
		Distribution|Windows-x64 = Distribution|Windows-x64
		Distribution|Windows-x86 = Distribution|Windows-x86
		Distribution|x86 = Distribution|x86
		Release|Android = Release|Android
		Release|Any CPU = Release|Any CPU
		Release|iOS = Release|iOS
		Release|Mixed Platforms = Release|Mixed Platforms
		Release|Windows Phone (Universal) = Release|Windows Phone (Universal)
		Release|Windows Phone 8 = Release|Windows Phone 8
		Release|Windows-AnyCPU = Release|Windows-AnyCPU
		Release|Windows-ARM = Release|Windows-ARM
		Release|Windows-x64 = Release|Windows-x64
		Release|Windows-x86 = Release|Windows-x86
		Release|x86 = Release|x86
	EndGlobalSection
	GlobalSection(ProjectConfigurationPlatforms) = postSolution
		{BCAB24BD-B4E9-40D7-9B77-BA15A3C07C90}.Debug|Android.ActiveCfg = Debug|Any CPU
		{BCAB24BD-B4E9-40D7-9B77-BA15A3C07C90}.Debug|Any CPU.ActiveCfg = Debug|Any CPU
		{BCAB24BD-B4E9-40D7-9B77-BA15A3C07C90}.Debug|Any CPU.Build.0 = Debug|Any CPU
		{BCAB24BD-B4E9-40D7-9B77-BA15A3C07C90}.Debug|iOS.ActiveCfg = Debug|Any CPU
		{BCAB24BD-B4E9-40D7-9B77-BA15A3C07C90}.Debug|Mixed Platforms.ActiveCfg = Debug|Any CPU
		{BCAB24BD-B4E9-40D7-9B77-BA15A3C07C90}.Debug|Mixed Platforms.Build.0 = Debug|Any CPU
		{BCAB24BD-B4E9-40D7-9B77-BA15A3C07C90}.Debug|Windows Phone (Universal).ActiveCfg = Debug|Any CPU
		{BCAB24BD-B4E9-40D7-9B77-BA15A3C07C90}.Debug|Windows Phone 8.ActiveCfg = Debug|Any CPU
		{BCAB24BD-B4E9-40D7-9B77-BA15A3C07C90}.Debug|Windows-AnyCPU.ActiveCfg = Debug|Any CPU
		{BCAB24BD-B4E9-40D7-9B77-BA15A3C07C90}.Debug|Windows-ARM.ActiveCfg = Debug|Any CPU
		{BCAB24BD-B4E9-40D7-9B77-BA15A3C07C90}.Debug|Windows-x64.ActiveCfg = Debug|Any CPU
		{BCAB24BD-B4E9-40D7-9B77-BA15A3C07C90}.Debug|Windows-x86.ActiveCfg = Debug|Any CPU
		{BCAB24BD-B4E9-40D7-9B77-BA15A3C07C90}.Debug|x86.ActiveCfg = Debug|Any CPU
		{BCAB24BD-B4E9-40D7-9B77-BA15A3C07C90}.Distribution|Android.ActiveCfg = Debug|Any CPU
		{BCAB24BD-B4E9-40D7-9B77-BA15A3C07C90}.Distribution|Any CPU.ActiveCfg = Debug|Any CPU
		{BCAB24BD-B4E9-40D7-9B77-BA15A3C07C90}.Distribution|Any CPU.Build.0 = Debug|Any CPU
		{BCAB24BD-B4E9-40D7-9B77-BA15A3C07C90}.Distribution|iOS.ActiveCfg = Debug|Any CPU
		{BCAB24BD-B4E9-40D7-9B77-BA15A3C07C90}.Distribution|Mixed Platforms.ActiveCfg = Debug|Any CPU
		{BCAB24BD-B4E9-40D7-9B77-BA15A3C07C90}.Distribution|Mixed Platforms.Build.0 = Debug|Any CPU
		{BCAB24BD-B4E9-40D7-9B77-BA15A3C07C90}.Distribution|Windows Phone (Universal).ActiveCfg = Debug|Any CPU
		{BCAB24BD-B4E9-40D7-9B77-BA15A3C07C90}.Distribution|Windows Phone 8.ActiveCfg = Debug|Any CPU
		{BCAB24BD-B4E9-40D7-9B77-BA15A3C07C90}.Distribution|Windows-AnyCPU.ActiveCfg = Debug|Any CPU
		{BCAB24BD-B4E9-40D7-9B77-BA15A3C07C90}.Distribution|Windows-ARM.ActiveCfg = Debug|Any CPU
		{BCAB24BD-B4E9-40D7-9B77-BA15A3C07C90}.Distribution|Windows-x64.ActiveCfg = Debug|Any CPU
		{BCAB24BD-B4E9-40D7-9B77-BA15A3C07C90}.Distribution|Windows-x86.ActiveCfg = Debug|Any CPU
		{BCAB24BD-B4E9-40D7-9B77-BA15A3C07C90}.Distribution|x86.ActiveCfg = Debug|Any CPU
		{BCAB24BD-B4E9-40D7-9B77-BA15A3C07C90}.Release|Android.ActiveCfg = Release|Any CPU
		{BCAB24BD-B4E9-40D7-9B77-BA15A3C07C90}.Release|Any CPU.ActiveCfg = Release|Any CPU
		{BCAB24BD-B4E9-40D7-9B77-BA15A3C07C90}.Release|Any CPU.Build.0 = Release|Any CPU
		{BCAB24BD-B4E9-40D7-9B77-BA15A3C07C90}.Release|iOS.ActiveCfg = Release|Any CPU
		{BCAB24BD-B4E9-40D7-9B77-BA15A3C07C90}.Release|Mixed Platforms.ActiveCfg = Release|Any CPU
		{BCAB24BD-B4E9-40D7-9B77-BA15A3C07C90}.Release|Mixed Platforms.Build.0 = Release|Any CPU
		{BCAB24BD-B4E9-40D7-9B77-BA15A3C07C90}.Release|Windows Phone (Universal).ActiveCfg = Release|Any CPU
		{BCAB24BD-B4E9-40D7-9B77-BA15A3C07C90}.Release|Windows Phone 8.ActiveCfg = Release|Any CPU
		{BCAB24BD-B4E9-40D7-9B77-BA15A3C07C90}.Release|Windows-AnyCPU.ActiveCfg = Release|Any CPU
		{BCAB24BD-B4E9-40D7-9B77-BA15A3C07C90}.Release|Windows-ARM.ActiveCfg = Release|Any CPU
		{BCAB24BD-B4E9-40D7-9B77-BA15A3C07C90}.Release|Windows-x64.ActiveCfg = Release|Any CPU
		{BCAB24BD-B4E9-40D7-9B77-BA15A3C07C90}.Release|Windows-x86.ActiveCfg = Release|Any CPU
		{BCAB24BD-B4E9-40D7-9B77-BA15A3C07C90}.Release|x86.ActiveCfg = Release|Any CPU
		{3DA2C14B-545B-4AE1-94BF-CB2B9A3F3700}.Debug|Android.ActiveCfg = Debug|Any CPU
		{3DA2C14B-545B-4AE1-94BF-CB2B9A3F3700}.Debug|Any CPU.ActiveCfg = Debug|Any CPU
		{3DA2C14B-545B-4AE1-94BF-CB2B9A3F3700}.Debug|Any CPU.Build.0 = Debug|Any CPU
		{3DA2C14B-545B-4AE1-94BF-CB2B9A3F3700}.Debug|iOS.ActiveCfg = Debug|Any CPU
		{3DA2C14B-545B-4AE1-94BF-CB2B9A3F3700}.Debug|Mixed Platforms.ActiveCfg = Debug|Any CPU
		{3DA2C14B-545B-4AE1-94BF-CB2B9A3F3700}.Debug|Mixed Platforms.Build.0 = Debug|Any CPU
		{3DA2C14B-545B-4AE1-94BF-CB2B9A3F3700}.Debug|Windows Phone (Universal).ActiveCfg = Debug|Any CPU
		{3DA2C14B-545B-4AE1-94BF-CB2B9A3F3700}.Debug|Windows Phone 8.ActiveCfg = Debug|Any CPU
		{3DA2C14B-545B-4AE1-94BF-CB2B9A3F3700}.Debug|Windows-AnyCPU.ActiveCfg = Debug|Any CPU
		{3DA2C14B-545B-4AE1-94BF-CB2B9A3F3700}.Debug|Windows-ARM.ActiveCfg = Debug|Any CPU
		{3DA2C14B-545B-4AE1-94BF-CB2B9A3F3700}.Debug|Windows-x64.ActiveCfg = Debug|Any CPU
		{3DA2C14B-545B-4AE1-94BF-CB2B9A3F3700}.Debug|Windows-x86.ActiveCfg = Debug|Any CPU
		{3DA2C14B-545B-4AE1-94BF-CB2B9A3F3700}.Debug|x86.ActiveCfg = Debug|Any CPU
		{3DA2C14B-545B-4AE1-94BF-CB2B9A3F3700}.Distribution|Android.ActiveCfg = Debug|Any CPU
		{3DA2C14B-545B-4AE1-94BF-CB2B9A3F3700}.Distribution|Any CPU.ActiveCfg = Debug|Any CPU
		{3DA2C14B-545B-4AE1-94BF-CB2B9A3F3700}.Distribution|Any CPU.Build.0 = Debug|Any CPU
		{3DA2C14B-545B-4AE1-94BF-CB2B9A3F3700}.Distribution|iOS.ActiveCfg = Debug|Any CPU
		{3DA2C14B-545B-4AE1-94BF-CB2B9A3F3700}.Distribution|Mixed Platforms.ActiveCfg = Debug|Any CPU
		{3DA2C14B-545B-4AE1-94BF-CB2B9A3F3700}.Distribution|Mixed Platforms.Build.0 = Debug|Any CPU
		{3DA2C14B-545B-4AE1-94BF-CB2B9A3F3700}.Distribution|Windows Phone (Universal).ActiveCfg = Debug|Any CPU
		{3DA2C14B-545B-4AE1-94BF-CB2B9A3F3700}.Distribution|Windows Phone 8.ActiveCfg = Debug|Any CPU
		{3DA2C14B-545B-4AE1-94BF-CB2B9A3F3700}.Distribution|Windows-AnyCPU.ActiveCfg = Debug|Any CPU
		{3DA2C14B-545B-4AE1-94BF-CB2B9A3F3700}.Distribution|Windows-ARM.ActiveCfg = Debug|Any CPU
		{3DA2C14B-545B-4AE1-94BF-CB2B9A3F3700}.Distribution|Windows-x64.ActiveCfg = Debug|Any CPU
		{3DA2C14B-545B-4AE1-94BF-CB2B9A3F3700}.Distribution|Windows-x86.ActiveCfg = Debug|Any CPU
		{3DA2C14B-545B-4AE1-94BF-CB2B9A3F3700}.Distribution|x86.ActiveCfg = Debug|Any CPU
		{3DA2C14B-545B-4AE1-94BF-CB2B9A3F3700}.Release|Android.ActiveCfg = Release|Any CPU
		{3DA2C14B-545B-4AE1-94BF-CB2B9A3F3700}.Release|Any CPU.ActiveCfg = Release|Any CPU
		{3DA2C14B-545B-4AE1-94BF-CB2B9A3F3700}.Release|Any CPU.Build.0 = Release|Any CPU
		{3DA2C14B-545B-4AE1-94BF-CB2B9A3F3700}.Release|iOS.ActiveCfg = Release|Any CPU
		{3DA2C14B-545B-4AE1-94BF-CB2B9A3F3700}.Release|Mixed Platforms.ActiveCfg = Release|Any CPU
		{3DA2C14B-545B-4AE1-94BF-CB2B9A3F3700}.Release|Mixed Platforms.Build.0 = Release|Any CPU
		{3DA2C14B-545B-4AE1-94BF-CB2B9A3F3700}.Release|Windows Phone (Universal).ActiveCfg = Release|Any CPU
		{3DA2C14B-545B-4AE1-94BF-CB2B9A3F3700}.Release|Windows Phone 8.ActiveCfg = Release|Any CPU
		{3DA2C14B-545B-4AE1-94BF-CB2B9A3F3700}.Release|Windows-AnyCPU.ActiveCfg = Release|Any CPU
		{3DA2C14B-545B-4AE1-94BF-CB2B9A3F3700}.Release|Windows-ARM.ActiveCfg = Release|Any CPU
		{3DA2C14B-545B-4AE1-94BF-CB2B9A3F3700}.Release|Windows-x64.ActiveCfg = Release|Any CPU
		{3DA2C14B-545B-4AE1-94BF-CB2B9A3F3700}.Release|Windows-x86.ActiveCfg = Release|Any CPU
		{3DA2C14B-545B-4AE1-94BF-CB2B9A3F3700}.Release|x86.ActiveCfg = Release|Any CPU
		{357F0C3B-E8DF-4A0D-A454-EAEB17078CF3}.Debug|Android.ActiveCfg = Debug|Any CPU
		{357F0C3B-E8DF-4A0D-A454-EAEB17078CF3}.Debug|Any CPU.ActiveCfg = Debug|Any CPU
		{357F0C3B-E8DF-4A0D-A454-EAEB17078CF3}.Debug|Any CPU.Build.0 = Debug|Any CPU
		{357F0C3B-E8DF-4A0D-A454-EAEB17078CF3}.Debug|iOS.ActiveCfg = Debug|Any CPU
		{357F0C3B-E8DF-4A0D-A454-EAEB17078CF3}.Debug|Mixed Platforms.ActiveCfg = Debug|Any CPU
		{357F0C3B-E8DF-4A0D-A454-EAEB17078CF3}.Debug|Mixed Platforms.Build.0 = Debug|Any CPU
		{357F0C3B-E8DF-4A0D-A454-EAEB17078CF3}.Debug|Windows Phone (Universal).ActiveCfg = Debug|Any CPU
		{357F0C3B-E8DF-4A0D-A454-EAEB17078CF3}.Debug|Windows Phone 8.ActiveCfg = Debug|Any CPU
		{357F0C3B-E8DF-4A0D-A454-EAEB17078CF3}.Debug|Windows-AnyCPU.ActiveCfg = Debug|Any CPU
		{357F0C3B-E8DF-4A0D-A454-EAEB17078CF3}.Debug|Windows-ARM.ActiveCfg = Debug|Any CPU
		{357F0C3B-E8DF-4A0D-A454-EAEB17078CF3}.Debug|Windows-x64.ActiveCfg = Debug|Any CPU
		{357F0C3B-E8DF-4A0D-A454-EAEB17078CF3}.Debug|Windows-x86.ActiveCfg = Debug|Any CPU
		{357F0C3B-E8DF-4A0D-A454-EAEB17078CF3}.Debug|x86.ActiveCfg = Debug|Any CPU
		{357F0C3B-E8DF-4A0D-A454-EAEB17078CF3}.Distribution|Android.ActiveCfg = Debug|Any CPU
		{357F0C3B-E8DF-4A0D-A454-EAEB17078CF3}.Distribution|Any CPU.ActiveCfg = Debug|Any CPU
		{357F0C3B-E8DF-4A0D-A454-EAEB17078CF3}.Distribution|Any CPU.Build.0 = Debug|Any CPU
		{357F0C3B-E8DF-4A0D-A454-EAEB17078CF3}.Distribution|iOS.ActiveCfg = Debug|Any CPU
		{357F0C3B-E8DF-4A0D-A454-EAEB17078CF3}.Distribution|Mixed Platforms.ActiveCfg = Debug|Any CPU
		{357F0C3B-E8DF-4A0D-A454-EAEB17078CF3}.Distribution|Mixed Platforms.Build.0 = Debug|Any CPU
		{357F0C3B-E8DF-4A0D-A454-EAEB17078CF3}.Distribution|Windows Phone (Universal).ActiveCfg = Debug|Any CPU
		{357F0C3B-E8DF-4A0D-A454-EAEB17078CF3}.Distribution|Windows Phone 8.ActiveCfg = Debug|Any CPU
		{357F0C3B-E8DF-4A0D-A454-EAEB17078CF3}.Distribution|Windows-AnyCPU.ActiveCfg = Debug|Any CPU
		{357F0C3B-E8DF-4A0D-A454-EAEB17078CF3}.Distribution|Windows-ARM.ActiveCfg = Debug|Any CPU
		{357F0C3B-E8DF-4A0D-A454-EAEB17078CF3}.Distribution|Windows-x64.ActiveCfg = Debug|Any CPU
		{357F0C3B-E8DF-4A0D-A454-EAEB17078CF3}.Distribution|Windows-x86.ActiveCfg = Debug|Any CPU
		{357F0C3B-E8DF-4A0D-A454-EAEB17078CF3}.Distribution|x86.ActiveCfg = Debug|Any CPU
		{357F0C3B-E8DF-4A0D-A454-EAEB17078CF3}.Release|Android.ActiveCfg = Release|Any CPU
		{357F0C3B-E8DF-4A0D-A454-EAEB17078CF3}.Release|Any CPU.ActiveCfg = Release|Any CPU
		{357F0C3B-E8DF-4A0D-A454-EAEB17078CF3}.Release|Any CPU.Build.0 = Release|Any CPU
		{357F0C3B-E8DF-4A0D-A454-EAEB17078CF3}.Release|iOS.ActiveCfg = Release|Any CPU
		{357F0C3B-E8DF-4A0D-A454-EAEB17078CF3}.Release|Mixed Platforms.ActiveCfg = Release|Any CPU
		{357F0C3B-E8DF-4A0D-A454-EAEB17078CF3}.Release|Mixed Platforms.Build.0 = Release|Any CPU
		{357F0C3B-E8DF-4A0D-A454-EAEB17078CF3}.Release|Windows Phone (Universal).ActiveCfg = Release|Any CPU
		{357F0C3B-E8DF-4A0D-A454-EAEB17078CF3}.Release|Windows Phone 8.ActiveCfg = Release|Any CPU
		{357F0C3B-E8DF-4A0D-A454-EAEB17078CF3}.Release|Windows-AnyCPU.ActiveCfg = Release|Any CPU
		{357F0C3B-E8DF-4A0D-A454-EAEB17078CF3}.Release|Windows-ARM.ActiveCfg = Release|Any CPU
		{357F0C3B-E8DF-4A0D-A454-EAEB17078CF3}.Release|Windows-x64.ActiveCfg = Release|Any CPU
		{357F0C3B-E8DF-4A0D-A454-EAEB17078CF3}.Release|Windows-x86.ActiveCfg = Release|Any CPU
		{357F0C3B-E8DF-4A0D-A454-EAEB17078CF3}.Release|x86.ActiveCfg = Release|Any CPU
		{A05ECE98-B2E7-498D-9161-0FE52322F664}.Debug|Android.ActiveCfg = Debug|Any CPU
		{A05ECE98-B2E7-498D-9161-0FE52322F664}.Debug|Any CPU.ActiveCfg = Debug|Any CPU
		{A05ECE98-B2E7-498D-9161-0FE52322F664}.Debug|Any CPU.Build.0 = Debug|Any CPU
		{A05ECE98-B2E7-498D-9161-0FE52322F664}.Debug|iOS.ActiveCfg = Debug|Any CPU
		{A05ECE98-B2E7-498D-9161-0FE52322F664}.Debug|Mixed Platforms.ActiveCfg = Debug|Any CPU
		{A05ECE98-B2E7-498D-9161-0FE52322F664}.Debug|Mixed Platforms.Build.0 = Debug|Any CPU
		{A05ECE98-B2E7-498D-9161-0FE52322F664}.Debug|Windows Phone (Universal).ActiveCfg = Debug|Any CPU
		{A05ECE98-B2E7-498D-9161-0FE52322F664}.Debug|Windows Phone 8.ActiveCfg = Debug|Any CPU
		{A05ECE98-B2E7-498D-9161-0FE52322F664}.Debug|Windows-AnyCPU.ActiveCfg = Debug|Any CPU
		{A05ECE98-B2E7-498D-9161-0FE52322F664}.Debug|Windows-ARM.ActiveCfg = Debug|Any CPU
		{A05ECE98-B2E7-498D-9161-0FE52322F664}.Debug|Windows-x64.ActiveCfg = Debug|Any CPU
		{A05ECE98-B2E7-498D-9161-0FE52322F664}.Debug|Windows-x86.ActiveCfg = Debug|Any CPU
		{A05ECE98-B2E7-498D-9161-0FE52322F664}.Debug|x86.ActiveCfg = Debug|Any CPU
		{A05ECE98-B2E7-498D-9161-0FE52322F664}.Distribution|Android.ActiveCfg = Debug|Any CPU
		{A05ECE98-B2E7-498D-9161-0FE52322F664}.Distribution|Any CPU.ActiveCfg = Debug|Any CPU
		{A05ECE98-B2E7-498D-9161-0FE52322F664}.Distribution|Any CPU.Build.0 = Debug|Any CPU
		{A05ECE98-B2E7-498D-9161-0FE52322F664}.Distribution|iOS.ActiveCfg = Debug|Any CPU
		{A05ECE98-B2E7-498D-9161-0FE52322F664}.Distribution|Mixed Platforms.ActiveCfg = Debug|Any CPU
		{A05ECE98-B2E7-498D-9161-0FE52322F664}.Distribution|Mixed Platforms.Build.0 = Debug|Any CPU
		{A05ECE98-B2E7-498D-9161-0FE52322F664}.Distribution|Windows Phone (Universal).ActiveCfg = Debug|Any CPU
		{A05ECE98-B2E7-498D-9161-0FE52322F664}.Distribution|Windows Phone 8.ActiveCfg = Debug|Any CPU
		{A05ECE98-B2E7-498D-9161-0FE52322F664}.Distribution|Windows-AnyCPU.ActiveCfg = Debug|Any CPU
		{A05ECE98-B2E7-498D-9161-0FE52322F664}.Distribution|Windows-ARM.ActiveCfg = Debug|Any CPU
		{A05ECE98-B2E7-498D-9161-0FE52322F664}.Distribution|Windows-x64.ActiveCfg = Debug|Any CPU
		{A05ECE98-B2E7-498D-9161-0FE52322F664}.Distribution|Windows-x86.ActiveCfg = Debug|Any CPU
		{A05ECE98-B2E7-498D-9161-0FE52322F664}.Distribution|x86.ActiveCfg = Debug|Any CPU
		{A05ECE98-B2E7-498D-9161-0FE52322F664}.Release|Android.ActiveCfg = Release|Any CPU
		{A05ECE98-B2E7-498D-9161-0FE52322F664}.Release|Any CPU.ActiveCfg = Release|Any CPU
		{A05ECE98-B2E7-498D-9161-0FE52322F664}.Release|Any CPU.Build.0 = Release|Any CPU
		{A05ECE98-B2E7-498D-9161-0FE52322F664}.Release|iOS.ActiveCfg = Release|Any CPU
		{A05ECE98-B2E7-498D-9161-0FE52322F664}.Release|Mixed Platforms.ActiveCfg = Release|Any CPU
		{A05ECE98-B2E7-498D-9161-0FE52322F664}.Release|Mixed Platforms.Build.0 = Release|Any CPU
		{A05ECE98-B2E7-498D-9161-0FE52322F664}.Release|Windows Phone (Universal).ActiveCfg = Release|Any CPU
		{A05ECE98-B2E7-498D-9161-0FE52322F664}.Release|Windows Phone 8.ActiveCfg = Release|Any CPU
		{A05ECE98-B2E7-498D-9161-0FE52322F664}.Release|Windows-AnyCPU.ActiveCfg = Release|Any CPU
		{A05ECE98-B2E7-498D-9161-0FE52322F664}.Release|Windows-ARM.ActiveCfg = Release|Any CPU
		{A05ECE98-B2E7-498D-9161-0FE52322F664}.Release|Windows-x64.ActiveCfg = Release|Any CPU
		{A05ECE98-B2E7-498D-9161-0FE52322F664}.Release|Windows-x86.ActiveCfg = Release|Any CPU
		{A05ECE98-B2E7-498D-9161-0FE52322F664}.Release|x86.ActiveCfg = Release|Any CPU
		{DA99F770-52F5-4320-BE54-FBE8B670B888}.Debug|Android.ActiveCfg = Debug|Any CPU
		{DA99F770-52F5-4320-BE54-FBE8B670B888}.Debug|Any CPU.ActiveCfg = Debug|Any CPU
		{DA99F770-52F5-4320-BE54-FBE8B670B888}.Debug|Any CPU.Build.0 = Debug|Any CPU
		{DA99F770-52F5-4320-BE54-FBE8B670B888}.Debug|iOS.ActiveCfg = Debug|Any CPU
		{DA99F770-52F5-4320-BE54-FBE8B670B888}.Debug|Mixed Platforms.ActiveCfg = Debug|Any CPU
		{DA99F770-52F5-4320-BE54-FBE8B670B888}.Debug|Mixed Platforms.Build.0 = Debug|Any CPU
		{DA99F770-52F5-4320-BE54-FBE8B670B888}.Debug|Windows Phone (Universal).ActiveCfg = Debug|Any CPU
		{DA99F770-52F5-4320-BE54-FBE8B670B888}.Debug|Windows Phone 8.ActiveCfg = Debug|Any CPU
		{DA99F770-52F5-4320-BE54-FBE8B670B888}.Debug|Windows-AnyCPU.ActiveCfg = Debug|Any CPU
		{DA99F770-52F5-4320-BE54-FBE8B670B888}.Debug|Windows-ARM.ActiveCfg = Debug|Any CPU
		{DA99F770-52F5-4320-BE54-FBE8B670B888}.Debug|Windows-x64.ActiveCfg = Debug|Any CPU
		{DA99F770-52F5-4320-BE54-FBE8B670B888}.Debug|Windows-x86.ActiveCfg = Debug|Any CPU
		{DA99F770-52F5-4320-BE54-FBE8B670B888}.Debug|x86.ActiveCfg = Debug|Any CPU
		{DA99F770-52F5-4320-BE54-FBE8B670B888}.Distribution|Android.ActiveCfg = Debug|Any CPU
		{DA99F770-52F5-4320-BE54-FBE8B670B888}.Distribution|Any CPU.ActiveCfg = Debug|Any CPU
		{DA99F770-52F5-4320-BE54-FBE8B670B888}.Distribution|Any CPU.Build.0 = Debug|Any CPU
		{DA99F770-52F5-4320-BE54-FBE8B670B888}.Distribution|iOS.ActiveCfg = Debug|Any CPU
		{DA99F770-52F5-4320-BE54-FBE8B670B888}.Distribution|Mixed Platforms.ActiveCfg = Debug|Any CPU
		{DA99F770-52F5-4320-BE54-FBE8B670B888}.Distribution|Mixed Platforms.Build.0 = Debug|Any CPU
		{DA99F770-52F5-4320-BE54-FBE8B670B888}.Distribution|Windows Phone (Universal).ActiveCfg = Debug|Any CPU
		{DA99F770-52F5-4320-BE54-FBE8B670B888}.Distribution|Windows Phone 8.ActiveCfg = Debug|Any CPU
		{DA99F770-52F5-4320-BE54-FBE8B670B888}.Distribution|Windows-AnyCPU.ActiveCfg = Debug|Any CPU
		{DA99F770-52F5-4320-BE54-FBE8B670B888}.Distribution|Windows-ARM.ActiveCfg = Debug|Any CPU
		{DA99F770-52F5-4320-BE54-FBE8B670B888}.Distribution|Windows-x64.ActiveCfg = Debug|Any CPU
		{DA99F770-52F5-4320-BE54-FBE8B670B888}.Distribution|Windows-x86.ActiveCfg = Debug|Any CPU
		{DA99F770-52F5-4320-BE54-FBE8B670B888}.Distribution|x86.ActiveCfg = Debug|Any CPU
		{DA99F770-52F5-4320-BE54-FBE8B670B888}.Release|Android.ActiveCfg = Release|Any CPU
		{DA99F770-52F5-4320-BE54-FBE8B670B888}.Release|Any CPU.ActiveCfg = Release|Any CPU
		{DA99F770-52F5-4320-BE54-FBE8B670B888}.Release|Any CPU.Build.0 = Release|Any CPU
		{DA99F770-52F5-4320-BE54-FBE8B670B888}.Release|iOS.ActiveCfg = Release|Any CPU
		{DA99F770-52F5-4320-BE54-FBE8B670B888}.Release|Mixed Platforms.ActiveCfg = Release|Any CPU
		{DA99F770-52F5-4320-BE54-FBE8B670B888}.Release|Mixed Platforms.Build.0 = Release|Any CPU
		{DA99F770-52F5-4320-BE54-FBE8B670B888}.Release|Windows Phone (Universal).ActiveCfg = Release|Any CPU
		{DA99F770-52F5-4320-BE54-FBE8B670B888}.Release|Windows Phone 8.ActiveCfg = Release|Any CPU
		{DA99F770-52F5-4320-BE54-FBE8B670B888}.Release|Windows-AnyCPU.ActiveCfg = Release|Any CPU
		{DA99F770-52F5-4320-BE54-FBE8B670B888}.Release|Windows-ARM.ActiveCfg = Release|Any CPU
		{DA99F770-52F5-4320-BE54-FBE8B670B888}.Release|Windows-x64.ActiveCfg = Release|Any CPU
		{DA99F770-52F5-4320-BE54-FBE8B670B888}.Release|Windows-x86.ActiveCfg = Release|Any CPU
		{DA99F770-52F5-4320-BE54-FBE8B670B888}.Release|x86.ActiveCfg = Release|Any CPU
		{A4D35FD5-82F3-403A-9518-4D735B4BF531}.Debug|Android.ActiveCfg = Debug|Any CPU
		{A4D35FD5-82F3-403A-9518-4D735B4BF531}.Debug|Any CPU.ActiveCfg = Debug|Any CPU
		{A4D35FD5-82F3-403A-9518-4D735B4BF531}.Debug|Any CPU.Build.0 = Debug|Any CPU
		{A4D35FD5-82F3-403A-9518-4D735B4BF531}.Debug|iOS.ActiveCfg = Debug|Any CPU
		{A4D35FD5-82F3-403A-9518-4D735B4BF531}.Debug|Mixed Platforms.ActiveCfg = Debug|Any CPU
		{A4D35FD5-82F3-403A-9518-4D735B4BF531}.Debug|Mixed Platforms.Build.0 = Debug|Any CPU
		{A4D35FD5-82F3-403A-9518-4D735B4BF531}.Debug|Windows Phone (Universal).ActiveCfg = Debug|Any CPU
		{A4D35FD5-82F3-403A-9518-4D735B4BF531}.Debug|Windows Phone 8.ActiveCfg = Debug|Any CPU
		{A4D35FD5-82F3-403A-9518-4D735B4BF531}.Debug|Windows-AnyCPU.ActiveCfg = Debug|Any CPU
		{A4D35FD5-82F3-403A-9518-4D735B4BF531}.Debug|Windows-ARM.ActiveCfg = Debug|Any CPU
		{A4D35FD5-82F3-403A-9518-4D735B4BF531}.Debug|Windows-x64.ActiveCfg = Debug|Any CPU
		{A4D35FD5-82F3-403A-9518-4D735B4BF531}.Debug|Windows-x86.ActiveCfg = Debug|Any CPU
		{A4D35FD5-82F3-403A-9518-4D735B4BF531}.Debug|x86.ActiveCfg = Debug|Any CPU
		{A4D35FD5-82F3-403A-9518-4D735B4BF531}.Distribution|Android.ActiveCfg = Debug|Any CPU
		{A4D35FD5-82F3-403A-9518-4D735B4BF531}.Distribution|Any CPU.ActiveCfg = Debug|Any CPU
		{A4D35FD5-82F3-403A-9518-4D735B4BF531}.Distribution|Any CPU.Build.0 = Debug|Any CPU
		{A4D35FD5-82F3-403A-9518-4D735B4BF531}.Distribution|iOS.ActiveCfg = Debug|Any CPU
		{A4D35FD5-82F3-403A-9518-4D735B4BF531}.Distribution|Mixed Platforms.ActiveCfg = Debug|Any CPU
		{A4D35FD5-82F3-403A-9518-4D735B4BF531}.Distribution|Mixed Platforms.Build.0 = Debug|Any CPU
		{A4D35FD5-82F3-403A-9518-4D735B4BF531}.Distribution|Windows Phone (Universal).ActiveCfg = Debug|Any CPU
		{A4D35FD5-82F3-403A-9518-4D735B4BF531}.Distribution|Windows Phone 8.ActiveCfg = Debug|Any CPU
		{A4D35FD5-82F3-403A-9518-4D735B4BF531}.Distribution|Windows-AnyCPU.ActiveCfg = Debug|Any CPU
		{A4D35FD5-82F3-403A-9518-4D735B4BF531}.Distribution|Windows-ARM.ActiveCfg = Debug|Any CPU
		{A4D35FD5-82F3-403A-9518-4D735B4BF531}.Distribution|Windows-x64.ActiveCfg = Debug|Any CPU
		{A4D35FD5-82F3-403A-9518-4D735B4BF531}.Distribution|Windows-x86.ActiveCfg = Debug|Any CPU
		{A4D35FD5-82F3-403A-9518-4D735B4BF531}.Distribution|x86.ActiveCfg = Debug|Any CPU
		{A4D35FD5-82F3-403A-9518-4D735B4BF531}.Release|Android.ActiveCfg = Release|Any CPU
		{A4D35FD5-82F3-403A-9518-4D735B4BF531}.Release|Any CPU.ActiveCfg = Release|Any CPU
		{A4D35FD5-82F3-403A-9518-4D735B4BF531}.Release|Any CPU.Build.0 = Release|Any CPU
		{A4D35FD5-82F3-403A-9518-4D735B4BF531}.Release|iOS.ActiveCfg = Release|Any CPU
		{A4D35FD5-82F3-403A-9518-4D735B4BF531}.Release|Mixed Platforms.ActiveCfg = Release|Any CPU
		{A4D35FD5-82F3-403A-9518-4D735B4BF531}.Release|Mixed Platforms.Build.0 = Release|Any CPU
		{A4D35FD5-82F3-403A-9518-4D735B4BF531}.Release|Windows Phone (Universal).ActiveCfg = Release|Any CPU
		{A4D35FD5-82F3-403A-9518-4D735B4BF531}.Release|Windows Phone 8.ActiveCfg = Release|Any CPU
		{A4D35FD5-82F3-403A-9518-4D735B4BF531}.Release|Windows-AnyCPU.ActiveCfg = Release|Any CPU
		{A4D35FD5-82F3-403A-9518-4D735B4BF531}.Release|Windows-ARM.ActiveCfg = Release|Any CPU
		{A4D35FD5-82F3-403A-9518-4D735B4BF531}.Release|Windows-x64.ActiveCfg = Release|Any CPU
		{A4D35FD5-82F3-403A-9518-4D735B4BF531}.Release|Windows-x86.ActiveCfg = Release|Any CPU
		{A4D35FD5-82F3-403A-9518-4D735B4BF531}.Release|x86.ActiveCfg = Release|Any CPU
		{B2F611DC-3F7B-4DC5-BF31-FC9349D80723}.Debug|Android.ActiveCfg = Debug|Any CPU
		{B2F611DC-3F7B-4DC5-BF31-FC9349D80723}.Debug|Any CPU.ActiveCfg = Debug|Any CPU
		{B2F611DC-3F7B-4DC5-BF31-FC9349D80723}.Debug|Any CPU.Build.0 = Debug|Any CPU
		{B2F611DC-3F7B-4DC5-BF31-FC9349D80723}.Debug|iOS.ActiveCfg = Debug|Any CPU
		{B2F611DC-3F7B-4DC5-BF31-FC9349D80723}.Debug|Mixed Platforms.ActiveCfg = Debug|Any CPU
		{B2F611DC-3F7B-4DC5-BF31-FC9349D80723}.Debug|Mixed Platforms.Build.0 = Debug|Any CPU
		{B2F611DC-3F7B-4DC5-BF31-FC9349D80723}.Debug|Windows Phone (Universal).ActiveCfg = Debug|Any CPU
		{B2F611DC-3F7B-4DC5-BF31-FC9349D80723}.Debug|Windows Phone 8.ActiveCfg = Debug|Any CPU
		{B2F611DC-3F7B-4DC5-BF31-FC9349D80723}.Debug|Windows-AnyCPU.ActiveCfg = Debug|Any CPU
		{B2F611DC-3F7B-4DC5-BF31-FC9349D80723}.Debug|Windows-ARM.ActiveCfg = Debug|Any CPU
		{B2F611DC-3F7B-4DC5-BF31-FC9349D80723}.Debug|Windows-x64.ActiveCfg = Debug|Any CPU
		{B2F611DC-3F7B-4DC5-BF31-FC9349D80723}.Debug|Windows-x86.ActiveCfg = Debug|Any CPU
		{B2F611DC-3F7B-4DC5-BF31-FC9349D80723}.Debug|x86.ActiveCfg = Debug|Any CPU
		{B2F611DC-3F7B-4DC5-BF31-FC9349D80723}.Distribution|Android.ActiveCfg = Debug|Any CPU
		{B2F611DC-3F7B-4DC5-BF31-FC9349D80723}.Distribution|Any CPU.ActiveCfg = Debug|Any CPU
		{B2F611DC-3F7B-4DC5-BF31-FC9349D80723}.Distribution|Any CPU.Build.0 = Debug|Any CPU
		{B2F611DC-3F7B-4DC5-BF31-FC9349D80723}.Distribution|iOS.ActiveCfg = Debug|Any CPU
		{B2F611DC-3F7B-4DC5-BF31-FC9349D80723}.Distribution|Mixed Platforms.ActiveCfg = Debug|Any CPU
		{B2F611DC-3F7B-4DC5-BF31-FC9349D80723}.Distribution|Mixed Platforms.Build.0 = Debug|Any CPU
		{B2F611DC-3F7B-4DC5-BF31-FC9349D80723}.Distribution|Windows Phone (Universal).ActiveCfg = Debug|Any CPU
		{B2F611DC-3F7B-4DC5-BF31-FC9349D80723}.Distribution|Windows Phone 8.ActiveCfg = Debug|Any CPU
		{B2F611DC-3F7B-4DC5-BF31-FC9349D80723}.Distribution|Windows-AnyCPU.ActiveCfg = Debug|Any CPU
		{B2F611DC-3F7B-4DC5-BF31-FC9349D80723}.Distribution|Windows-ARM.ActiveCfg = Debug|Any CPU
		{B2F611DC-3F7B-4DC5-BF31-FC9349D80723}.Distribution|Windows-x64.ActiveCfg = Debug|Any CPU
		{B2F611DC-3F7B-4DC5-BF31-FC9349D80723}.Distribution|Windows-x86.ActiveCfg = Debug|Any CPU
		{B2F611DC-3F7B-4DC5-BF31-FC9349D80723}.Distribution|x86.ActiveCfg = Debug|Any CPU
		{B2F611DC-3F7B-4DC5-BF31-FC9349D80723}.Release|Android.ActiveCfg = Release|Any CPU
		{B2F611DC-3F7B-4DC5-BF31-FC9349D80723}.Release|Any CPU.ActiveCfg = Release|Any CPU
		{B2F611DC-3F7B-4DC5-BF31-FC9349D80723}.Release|Any CPU.Build.0 = Release|Any CPU
		{B2F611DC-3F7B-4DC5-BF31-FC9349D80723}.Release|iOS.ActiveCfg = Release|Any CPU
		{B2F611DC-3F7B-4DC5-BF31-FC9349D80723}.Release|Mixed Platforms.ActiveCfg = Release|Any CPU
		{B2F611DC-3F7B-4DC5-BF31-FC9349D80723}.Release|Mixed Platforms.Build.0 = Release|Any CPU
		{B2F611DC-3F7B-4DC5-BF31-FC9349D80723}.Release|Windows Phone (Universal).ActiveCfg = Release|Any CPU
		{B2F611DC-3F7B-4DC5-BF31-FC9349D80723}.Release|Windows Phone 8.ActiveCfg = Release|Any CPU
		{B2F611DC-3F7B-4DC5-BF31-FC9349D80723}.Release|Windows-AnyCPU.ActiveCfg = Release|Any CPU
		{B2F611DC-3F7B-4DC5-BF31-FC9349D80723}.Release|Windows-ARM.ActiveCfg = Release|Any CPU
		{B2F611DC-3F7B-4DC5-BF31-FC9349D80723}.Release|Windows-x64.ActiveCfg = Release|Any CPU
		{B2F611DC-3F7B-4DC5-BF31-FC9349D80723}.Release|Windows-x86.ActiveCfg = Release|Any CPU
		{B2F611DC-3F7B-4DC5-BF31-FC9349D80723}.Release|x86.ActiveCfg = Release|Any CPU
		{48746A66-A972-4B17-AD24-09F85C1987D0}.Debug|Android.ActiveCfg = Debug|Any CPU
		{48746A66-A972-4B17-AD24-09F85C1987D0}.Debug|Any CPU.ActiveCfg = Debug|Any CPU
		{48746A66-A972-4B17-AD24-09F85C1987D0}.Debug|Any CPU.Build.0 = Debug|Any CPU
		{48746A66-A972-4B17-AD24-09F85C1987D0}.Debug|iOS.ActiveCfg = Debug|Any CPU
		{48746A66-A972-4B17-AD24-09F85C1987D0}.Debug|Mixed Platforms.ActiveCfg = Debug|Any CPU
		{48746A66-A972-4B17-AD24-09F85C1987D0}.Debug|Mixed Platforms.Build.0 = Debug|Any CPU
		{48746A66-A972-4B17-AD24-09F85C1987D0}.Debug|Windows Phone (Universal).ActiveCfg = Debug|Any CPU
		{48746A66-A972-4B17-AD24-09F85C1987D0}.Debug|Windows Phone 8.ActiveCfg = Debug|Any CPU
		{48746A66-A972-4B17-AD24-09F85C1987D0}.Debug|Windows-AnyCPU.ActiveCfg = Debug|Any CPU
		{48746A66-A972-4B17-AD24-09F85C1987D0}.Debug|Windows-ARM.ActiveCfg = Debug|Any CPU
		{48746A66-A972-4B17-AD24-09F85C1987D0}.Debug|Windows-x64.ActiveCfg = Debug|Any CPU
		{48746A66-A972-4B17-AD24-09F85C1987D0}.Debug|Windows-x86.ActiveCfg = Debug|Any CPU
		{48746A66-A972-4B17-AD24-09F85C1987D0}.Debug|x86.ActiveCfg = Debug|Any CPU
		{48746A66-A972-4B17-AD24-09F85C1987D0}.Distribution|Android.ActiveCfg = Debug|Any CPU
		{48746A66-A972-4B17-AD24-09F85C1987D0}.Distribution|Any CPU.ActiveCfg = Debug|Any CPU
		{48746A66-A972-4B17-AD24-09F85C1987D0}.Distribution|Any CPU.Build.0 = Debug|Any CPU
		{48746A66-A972-4B17-AD24-09F85C1987D0}.Distribution|iOS.ActiveCfg = Debug|Any CPU
		{48746A66-A972-4B17-AD24-09F85C1987D0}.Distribution|Mixed Platforms.ActiveCfg = Debug|Any CPU
		{48746A66-A972-4B17-AD24-09F85C1987D0}.Distribution|Mixed Platforms.Build.0 = Debug|Any CPU
		{48746A66-A972-4B17-AD24-09F85C1987D0}.Distribution|Windows Phone (Universal).ActiveCfg = Debug|Any CPU
		{48746A66-A972-4B17-AD24-09F85C1987D0}.Distribution|Windows Phone 8.ActiveCfg = Debug|Any CPU
		{48746A66-A972-4B17-AD24-09F85C1987D0}.Distribution|Windows-AnyCPU.ActiveCfg = Debug|Any CPU
		{48746A66-A972-4B17-AD24-09F85C1987D0}.Distribution|Windows-ARM.ActiveCfg = Debug|Any CPU
		{48746A66-A972-4B17-AD24-09F85C1987D0}.Distribution|Windows-x64.ActiveCfg = Debug|Any CPU
		{48746A66-A972-4B17-AD24-09F85C1987D0}.Distribution|Windows-x86.ActiveCfg = Debug|Any CPU
		{48746A66-A972-4B17-AD24-09F85C1987D0}.Distribution|x86.ActiveCfg = Debug|Any CPU
		{48746A66-A972-4B17-AD24-09F85C1987D0}.Release|Android.ActiveCfg = Release|Any CPU
		{48746A66-A972-4B17-AD24-09F85C1987D0}.Release|Any CPU.ActiveCfg = Release|Any CPU
		{48746A66-A972-4B17-AD24-09F85C1987D0}.Release|Any CPU.Build.0 = Release|Any CPU
		{48746A66-A972-4B17-AD24-09F85C1987D0}.Release|iOS.ActiveCfg = Release|Any CPU
		{48746A66-A972-4B17-AD24-09F85C1987D0}.Release|Mixed Platforms.ActiveCfg = Release|Any CPU
		{48746A66-A972-4B17-AD24-09F85C1987D0}.Release|Mixed Platforms.Build.0 = Release|Any CPU
		{48746A66-A972-4B17-AD24-09F85C1987D0}.Release|Windows Phone (Universal).ActiveCfg = Release|Any CPU
		{48746A66-A972-4B17-AD24-09F85C1987D0}.Release|Windows Phone 8.ActiveCfg = Release|Any CPU
		{48746A66-A972-4B17-AD24-09F85C1987D0}.Release|Windows-AnyCPU.ActiveCfg = Release|Any CPU
		{48746A66-A972-4B17-AD24-09F85C1987D0}.Release|Windows-ARM.ActiveCfg = Release|Any CPU
		{48746A66-A972-4B17-AD24-09F85C1987D0}.Release|Windows-x64.ActiveCfg = Release|Any CPU
		{48746A66-A972-4B17-AD24-09F85C1987D0}.Release|Windows-x86.ActiveCfg = Release|Any CPU
		{48746A66-A972-4B17-AD24-09F85C1987D0}.Release|x86.ActiveCfg = Release|Any CPU
		{371CC6C4-08CF-4FBA-A877-1BBC8855F6B7}.Debug|Android.ActiveCfg = Debug|Any CPU
		{371CC6C4-08CF-4FBA-A877-1BBC8855F6B7}.Debug|Any CPU.ActiveCfg = Debug|Any CPU
		{371CC6C4-08CF-4FBA-A877-1BBC8855F6B7}.Debug|Any CPU.Build.0 = Debug|Any CPU
		{371CC6C4-08CF-4FBA-A877-1BBC8855F6B7}.Debug|iOS.ActiveCfg = Debug|Any CPU
		{371CC6C4-08CF-4FBA-A877-1BBC8855F6B7}.Debug|Mixed Platforms.ActiveCfg = Debug|Any CPU
		{371CC6C4-08CF-4FBA-A877-1BBC8855F6B7}.Debug|Mixed Platforms.Build.0 = Debug|Any CPU
		{371CC6C4-08CF-4FBA-A877-1BBC8855F6B7}.Debug|Windows Phone (Universal).ActiveCfg = Debug|Any CPU
		{371CC6C4-08CF-4FBA-A877-1BBC8855F6B7}.Debug|Windows Phone 8.ActiveCfg = Debug|Any CPU
		{371CC6C4-08CF-4FBA-A877-1BBC8855F6B7}.Debug|Windows-AnyCPU.ActiveCfg = Debug|Any CPU
		{371CC6C4-08CF-4FBA-A877-1BBC8855F6B7}.Debug|Windows-ARM.ActiveCfg = Debug|Any CPU
		{371CC6C4-08CF-4FBA-A877-1BBC8855F6B7}.Debug|Windows-x64.ActiveCfg = Debug|Any CPU
		{371CC6C4-08CF-4FBA-A877-1BBC8855F6B7}.Debug|Windows-x86.ActiveCfg = Debug|Any CPU
		{371CC6C4-08CF-4FBA-A877-1BBC8855F6B7}.Debug|x86.ActiveCfg = Debug|Any CPU
		{371CC6C4-08CF-4FBA-A877-1BBC8855F6B7}.Distribution|Android.ActiveCfg = Debug|Any CPU
		{371CC6C4-08CF-4FBA-A877-1BBC8855F6B7}.Distribution|Any CPU.ActiveCfg = Debug|Any CPU
		{371CC6C4-08CF-4FBA-A877-1BBC8855F6B7}.Distribution|Any CPU.Build.0 = Debug|Any CPU
		{371CC6C4-08CF-4FBA-A877-1BBC8855F6B7}.Distribution|iOS.ActiveCfg = Debug|Any CPU
		{371CC6C4-08CF-4FBA-A877-1BBC8855F6B7}.Distribution|Mixed Platforms.ActiveCfg = Debug|Any CPU
		{371CC6C4-08CF-4FBA-A877-1BBC8855F6B7}.Distribution|Mixed Platforms.Build.0 = Debug|Any CPU
		{371CC6C4-08CF-4FBA-A877-1BBC8855F6B7}.Distribution|Windows Phone (Universal).ActiveCfg = Debug|Any CPU
		{371CC6C4-08CF-4FBA-A877-1BBC8855F6B7}.Distribution|Windows Phone 8.ActiveCfg = Debug|Any CPU
		{371CC6C4-08CF-4FBA-A877-1BBC8855F6B7}.Distribution|Windows-AnyCPU.ActiveCfg = Debug|Any CPU
		{371CC6C4-08CF-4FBA-A877-1BBC8855F6B7}.Distribution|Windows-ARM.ActiveCfg = Debug|Any CPU
		{371CC6C4-08CF-4FBA-A877-1BBC8855F6B7}.Distribution|Windows-x64.ActiveCfg = Debug|Any CPU
		{371CC6C4-08CF-4FBA-A877-1BBC8855F6B7}.Distribution|Windows-x86.ActiveCfg = Debug|Any CPU
		{371CC6C4-08CF-4FBA-A877-1BBC8855F6B7}.Distribution|x86.ActiveCfg = Debug|Any CPU
		{371CC6C4-08CF-4FBA-A877-1BBC8855F6B7}.Release|Android.ActiveCfg = Release|Any CPU
		{371CC6C4-08CF-4FBA-A877-1BBC8855F6B7}.Release|Any CPU.ActiveCfg = Release|Any CPU
		{371CC6C4-08CF-4FBA-A877-1BBC8855F6B7}.Release|Any CPU.Build.0 = Release|Any CPU
		{371CC6C4-08CF-4FBA-A877-1BBC8855F6B7}.Release|iOS.ActiveCfg = Release|Any CPU
		{371CC6C4-08CF-4FBA-A877-1BBC8855F6B7}.Release|Mixed Platforms.ActiveCfg = Release|Any CPU
		{371CC6C4-08CF-4FBA-A877-1BBC8855F6B7}.Release|Mixed Platforms.Build.0 = Release|Any CPU
		{371CC6C4-08CF-4FBA-A877-1BBC8855F6B7}.Release|Windows Phone (Universal).ActiveCfg = Release|Any CPU
		{371CC6C4-08CF-4FBA-A877-1BBC8855F6B7}.Release|Windows Phone 8.ActiveCfg = Release|Any CPU
		{371CC6C4-08CF-4FBA-A877-1BBC8855F6B7}.Release|Windows-AnyCPU.ActiveCfg = Release|Any CPU
		{371CC6C4-08CF-4FBA-A877-1BBC8855F6B7}.Release|Windows-ARM.ActiveCfg = Release|Any CPU
		{371CC6C4-08CF-4FBA-A877-1BBC8855F6B7}.Release|Windows-x64.ActiveCfg = Release|Any CPU
		{371CC6C4-08CF-4FBA-A877-1BBC8855F6B7}.Release|Windows-x86.ActiveCfg = Release|Any CPU
		{371CC6C4-08CF-4FBA-A877-1BBC8855F6B7}.Release|x86.ActiveCfg = Release|Any CPU
		{B2A5CADB-D992-4D44-AC03-1B76BE1F68F6}.Debug|Android.ActiveCfg = Debug|Any CPU
		{B2A5CADB-D992-4D44-AC03-1B76BE1F68F6}.Debug|Any CPU.ActiveCfg = Debug|Any CPU
		{B2A5CADB-D992-4D44-AC03-1B76BE1F68F6}.Debug|Any CPU.Build.0 = Debug|Any CPU
		{B2A5CADB-D992-4D44-AC03-1B76BE1F68F6}.Debug|iOS.ActiveCfg = Debug|Any CPU
		{B2A5CADB-D992-4D44-AC03-1B76BE1F68F6}.Debug|Mixed Platforms.ActiveCfg = Debug|Any CPU
		{B2A5CADB-D992-4D44-AC03-1B76BE1F68F6}.Debug|Mixed Platforms.Build.0 = Debug|Any CPU
		{B2A5CADB-D992-4D44-AC03-1B76BE1F68F6}.Debug|Windows Phone (Universal).ActiveCfg = Debug|Any CPU
		{B2A5CADB-D992-4D44-AC03-1B76BE1F68F6}.Debug|Windows Phone 8.ActiveCfg = Debug|Any CPU
		{B2A5CADB-D992-4D44-AC03-1B76BE1F68F6}.Debug|Windows-AnyCPU.ActiveCfg = Debug|Any CPU
		{B2A5CADB-D992-4D44-AC03-1B76BE1F68F6}.Debug|Windows-ARM.ActiveCfg = Debug|Any CPU
		{B2A5CADB-D992-4D44-AC03-1B76BE1F68F6}.Debug|Windows-x64.ActiveCfg = Debug|Any CPU
		{B2A5CADB-D992-4D44-AC03-1B76BE1F68F6}.Debug|Windows-x86.ActiveCfg = Debug|Any CPU
		{B2A5CADB-D992-4D44-AC03-1B76BE1F68F6}.Debug|x86.ActiveCfg = Debug|Any CPU
		{B2A5CADB-D992-4D44-AC03-1B76BE1F68F6}.Distribution|Android.ActiveCfg = Debug|Any CPU
		{B2A5CADB-D992-4D44-AC03-1B76BE1F68F6}.Distribution|Any CPU.ActiveCfg = Debug|Any CPU
		{B2A5CADB-D992-4D44-AC03-1B76BE1F68F6}.Distribution|Any CPU.Build.0 = Debug|Any CPU
		{B2A5CADB-D992-4D44-AC03-1B76BE1F68F6}.Distribution|iOS.ActiveCfg = Debug|Any CPU
		{B2A5CADB-D992-4D44-AC03-1B76BE1F68F6}.Distribution|Mixed Platforms.ActiveCfg = Debug|Any CPU
		{B2A5CADB-D992-4D44-AC03-1B76BE1F68F6}.Distribution|Mixed Platforms.Build.0 = Debug|Any CPU
		{B2A5CADB-D992-4D44-AC03-1B76BE1F68F6}.Distribution|Windows Phone (Universal).ActiveCfg = Debug|Any CPU
		{B2A5CADB-D992-4D44-AC03-1B76BE1F68F6}.Distribution|Windows Phone 8.ActiveCfg = Debug|Any CPU
		{B2A5CADB-D992-4D44-AC03-1B76BE1F68F6}.Distribution|Windows-AnyCPU.ActiveCfg = Debug|Any CPU
		{B2A5CADB-D992-4D44-AC03-1B76BE1F68F6}.Distribution|Windows-ARM.ActiveCfg = Debug|Any CPU
		{B2A5CADB-D992-4D44-AC03-1B76BE1F68F6}.Distribution|Windows-x64.ActiveCfg = Debug|Any CPU
		{B2A5CADB-D992-4D44-AC03-1B76BE1F68F6}.Distribution|Windows-x86.ActiveCfg = Debug|Any CPU
		{B2A5CADB-D992-4D44-AC03-1B76BE1F68F6}.Distribution|x86.ActiveCfg = Debug|Any CPU
		{B2A5CADB-D992-4D44-AC03-1B76BE1F68F6}.Release|Android.ActiveCfg = Release|Any CPU
		{B2A5CADB-D992-4D44-AC03-1B76BE1F68F6}.Release|Any CPU.ActiveCfg = Release|Any CPU
		{B2A5CADB-D992-4D44-AC03-1B76BE1F68F6}.Release|Any CPU.Build.0 = Release|Any CPU
		{B2A5CADB-D992-4D44-AC03-1B76BE1F68F6}.Release|iOS.ActiveCfg = Release|Any CPU
		{B2A5CADB-D992-4D44-AC03-1B76BE1F68F6}.Release|Mixed Platforms.ActiveCfg = Release|Any CPU
		{B2A5CADB-D992-4D44-AC03-1B76BE1F68F6}.Release|Mixed Platforms.Build.0 = Release|Any CPU
		{B2A5CADB-D992-4D44-AC03-1B76BE1F68F6}.Release|Windows Phone (Universal).ActiveCfg = Release|Any CPU
		{B2A5CADB-D992-4D44-AC03-1B76BE1F68F6}.Release|Windows Phone 8.ActiveCfg = Release|Any CPU
		{B2A5CADB-D992-4D44-AC03-1B76BE1F68F6}.Release|Windows-AnyCPU.ActiveCfg = Release|Any CPU
		{B2A5CADB-D992-4D44-AC03-1B76BE1F68F6}.Release|Windows-ARM.ActiveCfg = Release|Any CPU
		{B2A5CADB-D992-4D44-AC03-1B76BE1F68F6}.Release|Windows-x64.ActiveCfg = Release|Any CPU
		{B2A5CADB-D992-4D44-AC03-1B76BE1F68F6}.Release|Windows-x86.ActiveCfg = Release|Any CPU
		{B2A5CADB-D992-4D44-AC03-1B76BE1F68F6}.Release|x86.ActiveCfg = Release|Any CPU
		{ECD3D5AB-2779-46ED-8137-12DB5903A54B}.Debug|Android.ActiveCfg = Debug|Any CPU
		{ECD3D5AB-2779-46ED-8137-12DB5903A54B}.Debug|Any CPU.ActiveCfg = Debug|Any CPU
		{ECD3D5AB-2779-46ED-8137-12DB5903A54B}.Debug|Any CPU.Build.0 = Debug|Any CPU
		{ECD3D5AB-2779-46ED-8137-12DB5903A54B}.Debug|iOS.ActiveCfg = Debug|Any CPU
		{ECD3D5AB-2779-46ED-8137-12DB5903A54B}.Debug|Mixed Platforms.ActiveCfg = Debug|Any CPU
		{ECD3D5AB-2779-46ED-8137-12DB5903A54B}.Debug|Mixed Platforms.Build.0 = Debug|Any CPU
		{ECD3D5AB-2779-46ED-8137-12DB5903A54B}.Debug|Windows Phone (Universal).ActiveCfg = Debug|Any CPU
		{ECD3D5AB-2779-46ED-8137-12DB5903A54B}.Debug|Windows Phone 8.ActiveCfg = Debug|Any CPU
		{ECD3D5AB-2779-46ED-8137-12DB5903A54B}.Debug|Windows-AnyCPU.ActiveCfg = Debug|Any CPU
		{ECD3D5AB-2779-46ED-8137-12DB5903A54B}.Debug|Windows-ARM.ActiveCfg = Debug|Any CPU
		{ECD3D5AB-2779-46ED-8137-12DB5903A54B}.Debug|Windows-x64.ActiveCfg = Debug|Any CPU
		{ECD3D5AB-2779-46ED-8137-12DB5903A54B}.Debug|Windows-x86.ActiveCfg = Debug|Any CPU
		{ECD3D5AB-2779-46ED-8137-12DB5903A54B}.Debug|x86.ActiveCfg = Debug|Any CPU
		{ECD3D5AB-2779-46ED-8137-12DB5903A54B}.Distribution|Android.ActiveCfg = Debug|Any CPU
		{ECD3D5AB-2779-46ED-8137-12DB5903A54B}.Distribution|Any CPU.ActiveCfg = Debug|Any CPU
		{ECD3D5AB-2779-46ED-8137-12DB5903A54B}.Distribution|Any CPU.Build.0 = Debug|Any CPU
		{ECD3D5AB-2779-46ED-8137-12DB5903A54B}.Distribution|iOS.ActiveCfg = Debug|Any CPU
		{ECD3D5AB-2779-46ED-8137-12DB5903A54B}.Distribution|Mixed Platforms.ActiveCfg = Debug|Any CPU
		{ECD3D5AB-2779-46ED-8137-12DB5903A54B}.Distribution|Mixed Platforms.Build.0 = Debug|Any CPU
		{ECD3D5AB-2779-46ED-8137-12DB5903A54B}.Distribution|Windows Phone (Universal).ActiveCfg = Debug|Any CPU
		{ECD3D5AB-2779-46ED-8137-12DB5903A54B}.Distribution|Windows Phone 8.ActiveCfg = Debug|Any CPU
		{ECD3D5AB-2779-46ED-8137-12DB5903A54B}.Distribution|Windows-AnyCPU.ActiveCfg = Debug|Any CPU
		{ECD3D5AB-2779-46ED-8137-12DB5903A54B}.Distribution|Windows-ARM.ActiveCfg = Debug|Any CPU
		{ECD3D5AB-2779-46ED-8137-12DB5903A54B}.Distribution|Windows-x64.ActiveCfg = Debug|Any CPU
		{ECD3D5AB-2779-46ED-8137-12DB5903A54B}.Distribution|Windows-x86.ActiveCfg = Debug|Any CPU
		{ECD3D5AB-2779-46ED-8137-12DB5903A54B}.Distribution|x86.ActiveCfg = Debug|Any CPU
		{ECD3D5AB-2779-46ED-8137-12DB5903A54B}.Release|Android.ActiveCfg = Release|Any CPU
		{ECD3D5AB-2779-46ED-8137-12DB5903A54B}.Release|Any CPU.ActiveCfg = Release|Any CPU
		{ECD3D5AB-2779-46ED-8137-12DB5903A54B}.Release|Any CPU.Build.0 = Release|Any CPU
		{ECD3D5AB-2779-46ED-8137-12DB5903A54B}.Release|iOS.ActiveCfg = Release|Any CPU
		{ECD3D5AB-2779-46ED-8137-12DB5903A54B}.Release|Mixed Platforms.ActiveCfg = Release|Any CPU
		{ECD3D5AB-2779-46ED-8137-12DB5903A54B}.Release|Mixed Platforms.Build.0 = Release|Any CPU
		{ECD3D5AB-2779-46ED-8137-12DB5903A54B}.Release|Windows Phone (Universal).ActiveCfg = Release|Any CPU
		{ECD3D5AB-2779-46ED-8137-12DB5903A54B}.Release|Windows Phone 8.ActiveCfg = Release|Any CPU
		{ECD3D5AB-2779-46ED-8137-12DB5903A54B}.Release|Windows-AnyCPU.ActiveCfg = Release|Any CPU
		{ECD3D5AB-2779-46ED-8137-12DB5903A54B}.Release|Windows-ARM.ActiveCfg = Release|Any CPU
		{ECD3D5AB-2779-46ED-8137-12DB5903A54B}.Release|Windows-x64.ActiveCfg = Release|Any CPU
		{ECD3D5AB-2779-46ED-8137-12DB5903A54B}.Release|Windows-x86.ActiveCfg = Release|Any CPU
		{ECD3D5AB-2779-46ED-8137-12DB5903A54B}.Release|x86.ActiveCfg = Release|Any CPU
		{40879265-5B9D-4D19-8B4B-69F9921E837B}.Debug|Android.ActiveCfg = Debug|Any CPU
		{40879265-5B9D-4D19-8B4B-69F9921E837B}.Debug|Any CPU.ActiveCfg = Debug|Any CPU
		{40879265-5B9D-4D19-8B4B-69F9921E837B}.Debug|Any CPU.Build.0 = Debug|Any CPU
		{40879265-5B9D-4D19-8B4B-69F9921E837B}.Debug|iOS.ActiveCfg = Debug|Any CPU
		{40879265-5B9D-4D19-8B4B-69F9921E837B}.Debug|Mixed Platforms.ActiveCfg = Debug|Any CPU
		{40879265-5B9D-4D19-8B4B-69F9921E837B}.Debug|Mixed Platforms.Build.0 = Debug|Any CPU
		{40879265-5B9D-4D19-8B4B-69F9921E837B}.Debug|Windows Phone (Universal).ActiveCfg = Debug|Any CPU
		{40879265-5B9D-4D19-8B4B-69F9921E837B}.Debug|Windows Phone 8.ActiveCfg = Debug|Any CPU
		{40879265-5B9D-4D19-8B4B-69F9921E837B}.Debug|Windows-AnyCPU.ActiveCfg = Debug|Any CPU
		{40879265-5B9D-4D19-8B4B-69F9921E837B}.Debug|Windows-ARM.ActiveCfg = Debug|Any CPU
		{40879265-5B9D-4D19-8B4B-69F9921E837B}.Debug|Windows-x64.ActiveCfg = Debug|Any CPU
		{40879265-5B9D-4D19-8B4B-69F9921E837B}.Debug|Windows-x86.ActiveCfg = Debug|Any CPU
		{40879265-5B9D-4D19-8B4B-69F9921E837B}.Debug|x86.ActiveCfg = Debug|Any CPU
		{40879265-5B9D-4D19-8B4B-69F9921E837B}.Distribution|Android.ActiveCfg = Debug|Any CPU
		{40879265-5B9D-4D19-8B4B-69F9921E837B}.Distribution|Any CPU.ActiveCfg = Debug|Any CPU
		{40879265-5B9D-4D19-8B4B-69F9921E837B}.Distribution|Any CPU.Build.0 = Debug|Any CPU
		{40879265-5B9D-4D19-8B4B-69F9921E837B}.Distribution|iOS.ActiveCfg = Debug|Any CPU
		{40879265-5B9D-4D19-8B4B-69F9921E837B}.Distribution|Mixed Platforms.ActiveCfg = Debug|Any CPU
		{40879265-5B9D-4D19-8B4B-69F9921E837B}.Distribution|Mixed Platforms.Build.0 = Debug|Any CPU
		{40879265-5B9D-4D19-8B4B-69F9921E837B}.Distribution|Windows Phone (Universal).ActiveCfg = Debug|Any CPU
		{40879265-5B9D-4D19-8B4B-69F9921E837B}.Distribution|Windows Phone 8.ActiveCfg = Debug|Any CPU
		{40879265-5B9D-4D19-8B4B-69F9921E837B}.Distribution|Windows-AnyCPU.ActiveCfg = Debug|Any CPU
		{40879265-5B9D-4D19-8B4B-69F9921E837B}.Distribution|Windows-ARM.ActiveCfg = Debug|Any CPU
		{40879265-5B9D-4D19-8B4B-69F9921E837B}.Distribution|Windows-x64.ActiveCfg = Debug|Any CPU
		{40879265-5B9D-4D19-8B4B-69F9921E837B}.Distribution|Windows-x86.ActiveCfg = Debug|Any CPU
		{40879265-5B9D-4D19-8B4B-69F9921E837B}.Distribution|x86.ActiveCfg = Debug|Any CPU
		{40879265-5B9D-4D19-8B4B-69F9921E837B}.Release|Android.ActiveCfg = Release|Any CPU
		{40879265-5B9D-4D19-8B4B-69F9921E837B}.Release|Any CPU.ActiveCfg = Release|Any CPU
		{40879265-5B9D-4D19-8B4B-69F9921E837B}.Release|Any CPU.Build.0 = Release|Any CPU
		{40879265-5B9D-4D19-8B4B-69F9921E837B}.Release|iOS.ActiveCfg = Release|Any CPU
		{40879265-5B9D-4D19-8B4B-69F9921E837B}.Release|Mixed Platforms.ActiveCfg = Release|Any CPU
		{40879265-5B9D-4D19-8B4B-69F9921E837B}.Release|Mixed Platforms.Build.0 = Release|Any CPU
		{40879265-5B9D-4D19-8B4B-69F9921E837B}.Release|Windows Phone (Universal).ActiveCfg = Release|Any CPU
		{40879265-5B9D-4D19-8B4B-69F9921E837B}.Release|Windows Phone 8.ActiveCfg = Release|Any CPU
		{40879265-5B9D-4D19-8B4B-69F9921E837B}.Release|Windows-AnyCPU.ActiveCfg = Release|Any CPU
		{40879265-5B9D-4D19-8B4B-69F9921E837B}.Release|Windows-ARM.ActiveCfg = Release|Any CPU
		{40879265-5B9D-4D19-8B4B-69F9921E837B}.Release|Windows-x64.ActiveCfg = Release|Any CPU
		{40879265-5B9D-4D19-8B4B-69F9921E837B}.Release|Windows-x86.ActiveCfg = Release|Any CPU
		{40879265-5B9D-4D19-8B4B-69F9921E837B}.Release|x86.ActiveCfg = Release|Any CPU
		{32FC50C0-991D-4009-AA87-1DD9FEB4F38E}.Debug|Android.ActiveCfg = Debug|Any CPU
		{32FC50C0-991D-4009-AA87-1DD9FEB4F38E}.Debug|Any CPU.ActiveCfg = Debug|Any CPU
		{32FC50C0-991D-4009-AA87-1DD9FEB4F38E}.Debug|Any CPU.Build.0 = Debug|Any CPU
		{32FC50C0-991D-4009-AA87-1DD9FEB4F38E}.Debug|iOS.ActiveCfg = Debug|Any CPU
		{32FC50C0-991D-4009-AA87-1DD9FEB4F38E}.Debug|Mixed Platforms.ActiveCfg = Debug|Any CPU
		{32FC50C0-991D-4009-AA87-1DD9FEB4F38E}.Debug|Mixed Platforms.Build.0 = Debug|Any CPU
		{32FC50C0-991D-4009-AA87-1DD9FEB4F38E}.Debug|Windows Phone (Universal).ActiveCfg = Debug|Any CPU
		{32FC50C0-991D-4009-AA87-1DD9FEB4F38E}.Debug|Windows Phone 8.ActiveCfg = Debug|Any CPU
		{32FC50C0-991D-4009-AA87-1DD9FEB4F38E}.Debug|Windows-AnyCPU.ActiveCfg = Debug|Any CPU
		{32FC50C0-991D-4009-AA87-1DD9FEB4F38E}.Debug|Windows-ARM.ActiveCfg = Debug|Any CPU
		{32FC50C0-991D-4009-AA87-1DD9FEB4F38E}.Debug|Windows-x64.ActiveCfg = Debug|Any CPU
		{32FC50C0-991D-4009-AA87-1DD9FEB4F38E}.Debug|Windows-x86.ActiveCfg = Debug|Any CPU
		{32FC50C0-991D-4009-AA87-1DD9FEB4F38E}.Debug|x86.ActiveCfg = Debug|Any CPU
		{32FC50C0-991D-4009-AA87-1DD9FEB4F38E}.Distribution|Android.ActiveCfg = Debug|Any CPU
		{32FC50C0-991D-4009-AA87-1DD9FEB4F38E}.Distribution|Any CPU.ActiveCfg = Debug|Any CPU
		{32FC50C0-991D-4009-AA87-1DD9FEB4F38E}.Distribution|Any CPU.Build.0 = Debug|Any CPU
		{32FC50C0-991D-4009-AA87-1DD9FEB4F38E}.Distribution|iOS.ActiveCfg = Debug|Any CPU
		{32FC50C0-991D-4009-AA87-1DD9FEB4F38E}.Distribution|Mixed Platforms.ActiveCfg = Debug|Any CPU
		{32FC50C0-991D-4009-AA87-1DD9FEB4F38E}.Distribution|Mixed Platforms.Build.0 = Debug|Any CPU
		{32FC50C0-991D-4009-AA87-1DD9FEB4F38E}.Distribution|Windows Phone (Universal).ActiveCfg = Debug|Any CPU
		{32FC50C0-991D-4009-AA87-1DD9FEB4F38E}.Distribution|Windows Phone 8.ActiveCfg = Debug|Any CPU
		{32FC50C0-991D-4009-AA87-1DD9FEB4F38E}.Distribution|Windows-AnyCPU.ActiveCfg = Debug|Any CPU
		{32FC50C0-991D-4009-AA87-1DD9FEB4F38E}.Distribution|Windows-ARM.ActiveCfg = Debug|Any CPU
		{32FC50C0-991D-4009-AA87-1DD9FEB4F38E}.Distribution|Windows-x64.ActiveCfg = Debug|Any CPU
		{32FC50C0-991D-4009-AA87-1DD9FEB4F38E}.Distribution|Windows-x86.ActiveCfg = Debug|Any CPU
		{32FC50C0-991D-4009-AA87-1DD9FEB4F38E}.Distribution|x86.ActiveCfg = Debug|Any CPU
		{32FC50C0-991D-4009-AA87-1DD9FEB4F38E}.Release|Android.ActiveCfg = Release|Any CPU
		{32FC50C0-991D-4009-AA87-1DD9FEB4F38E}.Release|Any CPU.ActiveCfg = Release|Any CPU
		{32FC50C0-991D-4009-AA87-1DD9FEB4F38E}.Release|Any CPU.Build.0 = Release|Any CPU
		{32FC50C0-991D-4009-AA87-1DD9FEB4F38E}.Release|iOS.ActiveCfg = Release|Any CPU
		{32FC50C0-991D-4009-AA87-1DD9FEB4F38E}.Release|Mixed Platforms.ActiveCfg = Release|Any CPU
		{32FC50C0-991D-4009-AA87-1DD9FEB4F38E}.Release|Mixed Platforms.Build.0 = Release|Any CPU
		{32FC50C0-991D-4009-AA87-1DD9FEB4F38E}.Release|Windows Phone (Universal).ActiveCfg = Release|Any CPU
		{32FC50C0-991D-4009-AA87-1DD9FEB4F38E}.Release|Windows Phone 8.ActiveCfg = Release|Any CPU
		{32FC50C0-991D-4009-AA87-1DD9FEB4F38E}.Release|Windows-AnyCPU.ActiveCfg = Release|Any CPU
		{32FC50C0-991D-4009-AA87-1DD9FEB4F38E}.Release|Windows-ARM.ActiveCfg = Release|Any CPU
		{32FC50C0-991D-4009-AA87-1DD9FEB4F38E}.Release|Windows-x64.ActiveCfg = Release|Any CPU
		{32FC50C0-991D-4009-AA87-1DD9FEB4F38E}.Release|Windows-x86.ActiveCfg = Release|Any CPU
		{32FC50C0-991D-4009-AA87-1DD9FEB4F38E}.Release|x86.ActiveCfg = Release|Any CPU
		{65BD4986-7F80-4291-A111-8C4322FF8AC5}.Debug|Android.ActiveCfg = Debug|Any CPU
		{65BD4986-7F80-4291-A111-8C4322FF8AC5}.Debug|Any CPU.ActiveCfg = Debug|Any CPU
		{65BD4986-7F80-4291-A111-8C4322FF8AC5}.Debug|Any CPU.Build.0 = Debug|Any CPU
		{65BD4986-7F80-4291-A111-8C4322FF8AC5}.Debug|iOS.ActiveCfg = Debug|Any CPU
		{65BD4986-7F80-4291-A111-8C4322FF8AC5}.Debug|Mixed Platforms.ActiveCfg = Debug|Any CPU
		{65BD4986-7F80-4291-A111-8C4322FF8AC5}.Debug|Mixed Platforms.Build.0 = Debug|Any CPU
		{65BD4986-7F80-4291-A111-8C4322FF8AC5}.Debug|Windows Phone (Universal).ActiveCfg = Debug|Any CPU
		{65BD4986-7F80-4291-A111-8C4322FF8AC5}.Debug|Windows Phone 8.ActiveCfg = Debug|Any CPU
		{65BD4986-7F80-4291-A111-8C4322FF8AC5}.Debug|Windows-AnyCPU.ActiveCfg = Debug|Any CPU
		{65BD4986-7F80-4291-A111-8C4322FF8AC5}.Debug|Windows-ARM.ActiveCfg = Debug|Any CPU
		{65BD4986-7F80-4291-A111-8C4322FF8AC5}.Debug|Windows-x64.ActiveCfg = Debug|Any CPU
		{65BD4986-7F80-4291-A111-8C4322FF8AC5}.Debug|Windows-x86.ActiveCfg = Debug|Any CPU
		{65BD4986-7F80-4291-A111-8C4322FF8AC5}.Debug|x86.ActiveCfg = Debug|Any CPU
		{65BD4986-7F80-4291-A111-8C4322FF8AC5}.Distribution|Android.ActiveCfg = Debug|Any CPU
		{65BD4986-7F80-4291-A111-8C4322FF8AC5}.Distribution|Any CPU.ActiveCfg = Debug|Any CPU
		{65BD4986-7F80-4291-A111-8C4322FF8AC5}.Distribution|Any CPU.Build.0 = Debug|Any CPU
		{65BD4986-7F80-4291-A111-8C4322FF8AC5}.Distribution|iOS.ActiveCfg = Debug|Any CPU
		{65BD4986-7F80-4291-A111-8C4322FF8AC5}.Distribution|Mixed Platforms.ActiveCfg = Debug|Any CPU
		{65BD4986-7F80-4291-A111-8C4322FF8AC5}.Distribution|Mixed Platforms.Build.0 = Debug|Any CPU
		{65BD4986-7F80-4291-A111-8C4322FF8AC5}.Distribution|Windows Phone (Universal).ActiveCfg = Debug|Any CPU
		{65BD4986-7F80-4291-A111-8C4322FF8AC5}.Distribution|Windows Phone 8.ActiveCfg = Debug|Any CPU
		{65BD4986-7F80-4291-A111-8C4322FF8AC5}.Distribution|Windows-AnyCPU.ActiveCfg = Debug|Any CPU
		{65BD4986-7F80-4291-A111-8C4322FF8AC5}.Distribution|Windows-ARM.ActiveCfg = Debug|Any CPU
		{65BD4986-7F80-4291-A111-8C4322FF8AC5}.Distribution|Windows-x64.ActiveCfg = Debug|Any CPU
		{65BD4986-7F80-4291-A111-8C4322FF8AC5}.Distribution|Windows-x86.ActiveCfg = Debug|Any CPU
		{65BD4986-7F80-4291-A111-8C4322FF8AC5}.Distribution|x86.ActiveCfg = Debug|Any CPU
		{65BD4986-7F80-4291-A111-8C4322FF8AC5}.Release|Android.ActiveCfg = Release|Any CPU
		{65BD4986-7F80-4291-A111-8C4322FF8AC5}.Release|Any CPU.ActiveCfg = Release|Any CPU
		{65BD4986-7F80-4291-A111-8C4322FF8AC5}.Release|Any CPU.Build.0 = Release|Any CPU
		{65BD4986-7F80-4291-A111-8C4322FF8AC5}.Release|iOS.ActiveCfg = Release|Any CPU
		{65BD4986-7F80-4291-A111-8C4322FF8AC5}.Release|Mixed Platforms.ActiveCfg = Release|Any CPU
		{65BD4986-7F80-4291-A111-8C4322FF8AC5}.Release|Mixed Platforms.Build.0 = Release|Any CPU
		{65BD4986-7F80-4291-A111-8C4322FF8AC5}.Release|Windows Phone (Universal).ActiveCfg = Release|Any CPU
		{65BD4986-7F80-4291-A111-8C4322FF8AC5}.Release|Windows Phone 8.ActiveCfg = Release|Any CPU
		{65BD4986-7F80-4291-A111-8C4322FF8AC5}.Release|Windows-AnyCPU.ActiveCfg = Release|Any CPU
		{65BD4986-7F80-4291-A111-8C4322FF8AC5}.Release|Windows-ARM.ActiveCfg = Release|Any CPU
		{65BD4986-7F80-4291-A111-8C4322FF8AC5}.Release|Windows-x64.ActiveCfg = Release|Any CPU
		{65BD4986-7F80-4291-A111-8C4322FF8AC5}.Release|Windows-x86.ActiveCfg = Release|Any CPU
		{65BD4986-7F80-4291-A111-8C4322FF8AC5}.Release|x86.ActiveCfg = Release|Any CPU
		{CE1FBDEC-5733-4572-8E57-9F2494A72DC6}.Debug|Android.ActiveCfg = Debug|Any CPU
		{CE1FBDEC-5733-4572-8E57-9F2494A72DC6}.Debug|Any CPU.ActiveCfg = Debug|Any CPU
		{CE1FBDEC-5733-4572-8E57-9F2494A72DC6}.Debug|Any CPU.Build.0 = Debug|Any CPU
		{CE1FBDEC-5733-4572-8E57-9F2494A72DC6}.Debug|iOS.ActiveCfg = Debug|Any CPU
		{CE1FBDEC-5733-4572-8E57-9F2494A72DC6}.Debug|Mixed Platforms.ActiveCfg = Debug|Any CPU
		{CE1FBDEC-5733-4572-8E57-9F2494A72DC6}.Debug|Mixed Platforms.Build.0 = Debug|Any CPU
		{CE1FBDEC-5733-4572-8E57-9F2494A72DC6}.Debug|Windows Phone (Universal).ActiveCfg = Debug|Any CPU
		{CE1FBDEC-5733-4572-8E57-9F2494A72DC6}.Debug|Windows Phone 8.ActiveCfg = Debug|Any CPU
		{CE1FBDEC-5733-4572-8E57-9F2494A72DC6}.Debug|Windows-AnyCPU.ActiveCfg = Debug|Any CPU
		{CE1FBDEC-5733-4572-8E57-9F2494A72DC6}.Debug|Windows-ARM.ActiveCfg = Debug|Any CPU
		{CE1FBDEC-5733-4572-8E57-9F2494A72DC6}.Debug|Windows-x64.ActiveCfg = Debug|Any CPU
		{CE1FBDEC-5733-4572-8E57-9F2494A72DC6}.Debug|Windows-x86.ActiveCfg = Debug|Any CPU
		{CE1FBDEC-5733-4572-8E57-9F2494A72DC6}.Debug|x86.ActiveCfg = Debug|Any CPU
		{CE1FBDEC-5733-4572-8E57-9F2494A72DC6}.Distribution|Android.ActiveCfg = Debug|Any CPU
		{CE1FBDEC-5733-4572-8E57-9F2494A72DC6}.Distribution|Any CPU.ActiveCfg = Debug|Any CPU
		{CE1FBDEC-5733-4572-8E57-9F2494A72DC6}.Distribution|Any CPU.Build.0 = Debug|Any CPU
		{CE1FBDEC-5733-4572-8E57-9F2494A72DC6}.Distribution|iOS.ActiveCfg = Debug|Any CPU
		{CE1FBDEC-5733-4572-8E57-9F2494A72DC6}.Distribution|Mixed Platforms.ActiveCfg = Debug|Any CPU
		{CE1FBDEC-5733-4572-8E57-9F2494A72DC6}.Distribution|Mixed Platforms.Build.0 = Debug|Any CPU
		{CE1FBDEC-5733-4572-8E57-9F2494A72DC6}.Distribution|Windows Phone (Universal).ActiveCfg = Debug|Any CPU
		{CE1FBDEC-5733-4572-8E57-9F2494A72DC6}.Distribution|Windows Phone 8.ActiveCfg = Debug|Any CPU
		{CE1FBDEC-5733-4572-8E57-9F2494A72DC6}.Distribution|Windows-AnyCPU.ActiveCfg = Debug|Any CPU
		{CE1FBDEC-5733-4572-8E57-9F2494A72DC6}.Distribution|Windows-ARM.ActiveCfg = Debug|Any CPU
		{CE1FBDEC-5733-4572-8E57-9F2494A72DC6}.Distribution|Windows-x64.ActiveCfg = Debug|Any CPU
		{CE1FBDEC-5733-4572-8E57-9F2494A72DC6}.Distribution|Windows-x86.ActiveCfg = Debug|Any CPU
		{CE1FBDEC-5733-4572-8E57-9F2494A72DC6}.Distribution|x86.ActiveCfg = Debug|Any CPU
		{CE1FBDEC-5733-4572-8E57-9F2494A72DC6}.Release|Android.ActiveCfg = Release|Any CPU
		{CE1FBDEC-5733-4572-8E57-9F2494A72DC6}.Release|Any CPU.ActiveCfg = Release|Any CPU
		{CE1FBDEC-5733-4572-8E57-9F2494A72DC6}.Release|Any CPU.Build.0 = Release|Any CPU
		{CE1FBDEC-5733-4572-8E57-9F2494A72DC6}.Release|iOS.ActiveCfg = Release|Any CPU
		{CE1FBDEC-5733-4572-8E57-9F2494A72DC6}.Release|Mixed Platforms.ActiveCfg = Release|Any CPU
		{CE1FBDEC-5733-4572-8E57-9F2494A72DC6}.Release|Mixed Platforms.Build.0 = Release|Any CPU
		{CE1FBDEC-5733-4572-8E57-9F2494A72DC6}.Release|Windows Phone (Universal).ActiveCfg = Release|Any CPU
		{CE1FBDEC-5733-4572-8E57-9F2494A72DC6}.Release|Windows Phone 8.ActiveCfg = Release|Any CPU
		{CE1FBDEC-5733-4572-8E57-9F2494A72DC6}.Release|Windows-AnyCPU.ActiveCfg = Release|Any CPU
		{CE1FBDEC-5733-4572-8E57-9F2494A72DC6}.Release|Windows-ARM.ActiveCfg = Release|Any CPU
		{CE1FBDEC-5733-4572-8E57-9F2494A72DC6}.Release|Windows-x64.ActiveCfg = Release|Any CPU
		{CE1FBDEC-5733-4572-8E57-9F2494A72DC6}.Release|Windows-x86.ActiveCfg = Release|Any CPU
		{CE1FBDEC-5733-4572-8E57-9F2494A72DC6}.Release|x86.ActiveCfg = Release|Any CPU
	EndGlobalSection
	GlobalSection(SolutionProperties) = preSolution
		HideSolutionNode = FALSE
	EndGlobalSection
	GlobalSection(NestedProjects) = preSolution
		{BCAB24BD-B4E9-40D7-9B77-BA15A3C07C90} = {568C1152-28DF-43D6-8E60-BD31045F1720}
		{3DA2C14B-545B-4AE1-94BF-CB2B9A3F3700} = {6766932B-63B2-4580-8C68-1DF600C0B256}
		{357F0C3B-E8DF-4A0D-A454-EAEB17078CF3} = {F795268E-D6E1-44EF-B842-F306E717296E}
		{A05ECE98-B2E7-498D-9161-0FE52322F664} = {F795268E-D6E1-44EF-B842-F306E717296E}
		{DA99F770-52F5-4320-BE54-FBE8B670B888} = {F795268E-D6E1-44EF-B842-F306E717296E}
		{A4D35FD5-82F3-403A-9518-4D735B4BF531} = {F795268E-D6E1-44EF-B842-F306E717296E}
		{B2F611DC-3F7B-4DC5-BF31-FC9349D80723} = {EF9D6FA6-DDB7-4767-BD3A-33E7C07D0DB2}
		{48746A66-A972-4B17-AD24-09F85C1987D0} = {EF9D6FA6-DDB7-4767-BD3A-33E7C07D0DB2}
		{371CC6C4-08CF-4FBA-A877-1BBC8855F6B7} = {6766932B-63B2-4580-8C68-1DF600C0B256}
		{B2A5CADB-D992-4D44-AC03-1B76BE1F68F6} = {F795268E-D6E1-44EF-B842-F306E717296E}
		{ECD3D5AB-2779-46ED-8137-12DB5903A54B} = {EF9D6FA6-DDB7-4767-BD3A-33E7C07D0DB2}
		{40879265-5B9D-4D19-8B4B-69F9921E837B} = {568C1152-28DF-43D6-8E60-BD31045F1720}
		{32FC50C0-991D-4009-AA87-1DD9FEB4F38E} = {568C1152-28DF-43D6-8E60-BD31045F1720}
		{65BD4986-7F80-4291-A111-8C4322FF8AC5} = {50A5EF4A-8AFE-4E66-9E47-B6613EAE67ED}
		{CE1FBDEC-5733-4572-8E57-9F2494A72DC6} = {50A5EF4A-8AFE-4E66-9E47-B6613EAE67ED}
	EndGlobalSection
	GlobalSection(ExtensibilityGlobals) = postSolution
		SolutionGuid = {B66A0369-08F0-4B0D-BF19-F7DB9FBDF9BE}
	EndGlobalSection
	GlobalSection(TestCaseManagementSettings) = postSolution
		CategoryFile = TricorderSolution.vsmdi
	EndGlobalSection
EndGlobal
